# This file was autogenerated by Stack.
# You should not edit this file by hand.
# For more information, please see the documentation at:
#   https://docs.haskellstack.org/en/stable/lock_files

packages: []
snapshots:
- completed:
    size: 607265
    url: https://raw.githubusercontent.com/commercialhaskell/stackage-snapshots/master/nightly/2022/6/9.yaml
    sha256: 819ac07621dac5b2c320c45cb8c27f141f95114a1749b19b06d2c3606c79e839
  original: nightly-2022-06-09
