# This file was autogenerated by Stack.
# You should not edit this file by hand.
# For more information, please see the documentation at:
#   https://docs.haskellstack.org/en/stable/lock_files

packages: []
snapshots:
- completed:
    size: 508232
    url: https://raw.githubusercontent.com/commercialhaskell/stackage-snapshots/master/nightly/2020/3/30.yaml
    sha256: ed3542bd820f470b5db154fa12257d8f3ddb72f3aaced791ce315e2d5519cfaa
  original: nightly-2020-03-30
