# This file was autogenerated by Stack.
# You should not edit this file by hand.
# For more information, please see the documentation at:
#   https://docs.haskellstack.org/en/stable/lock_files

packages: []
snapshots:
- completed:
    size: 576534
    url: https://raw.githubusercontent.com/commercialhaskell/stackage-snapshots/master/nightly/2021/4/2.yaml
    sha256: 76ba2ea759dfc59a1b2a9ea92ea2c8d418812bc57612522ce17955e19d817faa
  original: nightly-2021-04-02
